
Microsoft Visual Studio Solution File, Format Version 12.00
# Visual Studio Version 17
VisualStudioVersion = 17.0.31903.59
MinimumVisualStudioVersion = 10.0.40219.1
Project("{F2A71F9B-5D33-465A-A702-920D77279786}") = "OrderTaking", "OrderTaking\OrderTaking.fsproj", "{8A19B57B-B052-42DC-9013-B09B0AF0AEDD}"
EndProject
Project("{F2A71F9B-5D33-465A-A702-920D77279786}") = "OrderTaking.Tests", "OrderTaking.Tests\OrderTaking.Tests.fsproj", "{6A5529BC-BB7E-4AE6-A315-363AF0FF5992}"
EndProject
Global
	GlobalSection(SolutionConfigurationPlatforms) = preSolution
		Debug|Any CPU = Debug|Any CPU
		Release|Any CPU = Release|Any CPU
	EndGlobalSection
	GlobalSection(SolutionProperties) = preSolution
		HideSolutionNode = FALSE
	EndGlobalSection
	GlobalSection(ProjectConfigurationPlatforms) = postSolution
		{8A19B57B-B052-42DC-9013-B09B0AF0AEDD}.Debug|Any CPU.ActiveCfg = Debug|Any CPU
		{8A19B57B-B052-42DC-9013-B09B0AF0AEDD}.Debug|Any CPU.Build.0 = Debug|Any CPU
		{8A19B57B-B052-42DC-9013-B09B0AF0AEDD}.Release|Any CPU.ActiveCfg = Release|Any CPU
		{8A19B57B-B052-42DC-9013-B09B0AF0AEDD}.Release|Any CPU.Build.0 = Release|Any CPU
		{6A5529BC-BB7E-4AE6-A315-363AF0FF5992}.Debug|Any CPU.ActiveCfg = Debug|Any CPU
		{6A5529BC-BB7E-4AE6-A315-363AF0FF5992}.Debug|Any CPU.Build.0 = Debug|Any CPU
		{6A5529BC-BB7E-4AE6-A315-363AF0FF5992}.Release|Any CPU.ActiveCfg = Release|Any CPU
		{6A5529BC-BB7E-4AE6-A315-363AF0FF5992}.Release|Any CPU.Build.0 = Release|Any CPU
	EndGlobalSection
EndGlobal
